
Microsoft Visual Studio Solution File, Format Version 12.00
# Visual Studio Version 16
VisualStudioVersion = 16.0.28803.202
MinimumVisualStudioVersion = 10.0.40219.1
Project("{9A19103F-16F7-4668-BE54-9A1E7A4F7556}") = "HRApplication", "HRApplication\HRApplication.csproj", "{DD39376D-F5A5-442A-81DE-86AC731B488C}"
EndProject
Project("{9A19103F-16F7-4668-BE54-9A1E7A4F7556}") = "HRData", "HRData\HRData.csproj", "{3096BF69-68D6-4C39-B85C-7CFF39FD0212}"
EndProject
Global
	GlobalSection(SolutionConfigurationPlatforms) = preSolution
		Debug|Any CPU = Debug|Any CPU
		Release|Any CPU = Release|Any CPU
	EndGlobalSection
	GlobalSection(ProjectConfigurationPlatforms) = postSolution
		{DD39376D-F5A5-442A-81DE-86AC731B488C}.Debug|Any CPU.ActiveCfg = Debug|Any CPU
		{DD39376D-F5A5-442A-81DE-86AC731B488C}.Debug|Any CPU.Build.0 = Debug|Any CPU
		{DD39376D-F5A5-442A-81DE-86AC731B488C}.Release|Any CPU.ActiveCfg = Release|Any CPU
		{DD39376D-F5A5-442A-81DE-86AC731B488C}.Release|Any CPU.Build.0 = Release|Any CPU
		{3096BF69-68D6-4C39-B85C-7CFF39FD0212}.Debug|Any CPU.ActiveCfg = Debug|Any CPU
		{3096BF69-68D6-4C39-B85C-7CFF39FD0212}.Debug|Any CPU.Build.0 = Debug|Any CPU
		{3096BF69-68D6-4C39-B85C-7CFF39FD0212}.Release|Any CPU.ActiveCfg = Release|Any CPU
		{3096BF69-68D6-4C39-B85C-7CFF39FD0212}.Release|Any CPU.Build.0 = Release|Any CPU
	EndGlobalSection
	GlobalSection(SolutionProperties) = preSolution
		HideSolutionNode = FALSE
	EndGlobalSection
	GlobalSection(ExtensibilityGlobals) = postSolution
		SolutionGuid = {2229368E-4040-436E-B7CA-EDEE1493AB60}
	EndGlobalSection
EndGlobal
